{
  "name": "homework2",
  "version": "1.0.0",
  "lockfileVersion": 3,
  "requires": true,
  "packages": {
    "": {
      "name": "homework2",
      "version": "1.0.0",
      "license": "ISC",
      "dependencies": {
        "npmcoinrandom": "^1.0.0",
        "npmcoinrandomtwo": "^1.0.0"
      }
    },
    "node_modules/npmcoinrandom": {
      "version": "1.0.0",
      "resolved": "https://registry.npmjs.org/npmcoinrandom/-/npmcoinrandom-1.0.0.tgz",
      "integrity": "sha512-pha4PGq2nb9caDg/QAC0VGfvhxzwwUebEL8by/lyi3XXp5Py7nHWK64U3KgVhUTar/aJsoPLcxJvccqq/NOhWg==",
      "deprecated": "Package no longer supported. Contact Support at https://www.npmjs.com/support for more info.",
      "license": "ISC"
    },
    "node_modules/npmcoinrandomtwo": {
      "version": "1.0.0",
      "resolved": "https://registry.npmjs.org/npmcoinrandomtwo/-/npmcoinrandomtwo-1.0.0.tgz",
      "integrity": "sha512-aRayCmYbPORvrv+bJgakjQ0UOXsEv52IRxTLp5yS5+Rf6A3W+1osejgINbl2oMZOWdoRHP6ceiwKsfXloQwobg==",
      "license": "ISC",
      "dependencies": {
        "npmcoinrandom": "^1.0.0"
      }
    }
  }
}
